// !$*UTF8*$!
{
	archiveVersion = 1;
	classes = {
	};
	objectVersion = 46;
	objects = {

/* Begin PBXBuildFile section */
		F2029EE715E5FDCD00A4E0FE /* UIKit.framework in Frameworks */ = {isa = PBXBuildFile; fileRef = F2029EE615E5FDCD00A4E0FE /* UIKit.framework */; };
		F2029EE915E5FDCD00A4E0FE /* Foundation.framework in Frameworks */ = {isa = PBXBuildFile; fileRef = F2029EE815E5FDCD00A4E0FE /* Foundation.framework */; };
		F2029EEB15E5FDCD00A4E0FE /* CoreGraphics.framework in Frameworks */ = {isa = PBXBuildFile; fileRef = F2029EEA15E5FDCD00A4E0FE /* CoreGraphics.framework */; };
		F2029EF115E5FDCD00A4E0FE /* InfoPlist.strings in Resources */ = {isa = PBXBuildFile; fileRef = F2029EEF15E5FDCD00A4E0FE /* InfoPlist.strings */; };
		F2029EF315E5FDCD00A4E0FE /* main.m in Sources */ = {isa = PBXBuildFile; fileRef = F2029EF215E5FDCD00A4E0FE /* main.m */; };
		F2029EF715E5FDCD00A4E0FE /* AppDelegate.m in Sources */ = {isa = PBXBuildFile; fileRef = F2029EF615E5FDCD00A4E0FE /* AppDelegate.m */; };
		F2029F0515E5FDCD00A4E0FE /* SenTestingKit.framework in Frameworks */ = {isa = PBXBuildFile; fileRef = F2029F0415E5FDCD00A4E0FE /* SenTestingKit.framework */; };
		F2029F0615E5FDCD00A4E0FE /* UIKit.framework in Frameworks */ = {isa = PBXBuildFile; fileRef = F2029EE615E5FDCD00A4E0FE /* UIKit.framework */; };
		F2029F0715E5FDCD00A4E0FE /* Foundation.framework in Frameworks */ = {isa = PBXBuildFile; fileRef = F2029EE815E5FDCD00A4E0FE /* Foundation.framework */; };
		F2029F0F15E5FDCD00A4E0FE /* InfoPlist.strings in Resources */ = {isa = PBXBuildFile; fileRef = F2029F0D15E5FDCD00A4E0FE /* InfoPlist.strings */; };
		F2029F1215E5FDCD00A4E0FE /* FortuneTweetTests.m in Sources */ = {isa = PBXBuildFile; fileRef = F2029F1115E5FDCD00A4E0FE /* FortuneTweetTests.m */; };
		F2029F2415E5FDEF00A4E0FE /* Default.png in Resources */ = {isa = PBXBuildFile; fileRef = F2029F1B15E5FDEF00A4E0FE /* Default.png */; };
		F2029F2515E5FDEF00A4E0FE /* Default@2x.png in Resources */ = {isa = PBXBuildFile; fileRef = F2029F1C15E5FDEF00A4E0FE /* Default@2x.png */; };
		F2029F2615E5FDEF00A4E0FE /* Icon-72.png in Resources */ = {isa = PBXBuildFile; fileRef = F2029F1D15E5FDEF00A4E0FE /* Icon-72.png */; };
		F2029F2715E5FDEF00A4E0FE /* Icon-Small-50.png in Resources */ = {isa = PBXBuildFile; fileRef = F2029F1E15E5FDEF00A4E0FE /* Icon-Small-50.png */; };
		F2029F2815E5FDEF00A4E0FE /* Icon-Small.png in Resources */ = {isa = PBXBuildFile; fileRef = F2029F1F15E5FDEF00A4E0FE /* Icon-Small.png */; };
		F2029F2915E5FDEF00A4E0FE /* Icon-Small@2x.png in Resources */ = {isa = PBXBuildFile; fileRef = F2029F2015E5FDEF00A4E0FE /* Icon-Small@2x.png */; };
		F2029F2A15E5FDEF00A4E0FE /* Icon.png in Resources */ = {isa = PBXBuildFile; fileRef = F2029F2115E5FDEF00A4E0FE /* Icon.png */; };
		F2029F2B15E5FDEF00A4E0FE /* Icon@2x.png in Resources */ = {isa = PBXBuildFile; fileRef = F2029F2215E5FDEF00A4E0FE /* Icon@2x.png */; };
		F2029F2C15E5FDEF00A4E0FE /* iTunesArtwork in Resources */ = {isa = PBXBuildFile; fileRef = F2029F2315E5FDEF00A4E0FE /* iTunesArtwork */; };
		F2029F2F15E5FE4800A4E0FE /* CoreDataTableViewController.m in Sources */ = {isa = PBXBuildFile; fileRef = F2029F2E15E5FE4800A4E0FE /* CoreDataTableViewController.m */; };
		F2029F3215E5FE7000A4E0FE /* AskerViewController.m in Sources */ = {isa = PBXBuildFile; fileRef = F2029F3115E5FE7000A4E0FE /* AskerViewController.m */; };
		F2029F3B15E5FEBF00A4E0FE /* blackArrow.png in Resources */ = {isa = PBXBuildFile; fileRef = F2029F3315E5FEBF00A4E0FE /* blackArrow.png */; };
		F2029F3C15E5FEBF00A4E0FE /* blackArrow@2x.png in Resources */ = {isa = PBXBuildFile; fileRef = F2029F3415E5FEBF00A4E0FE /* blackArrow@2x.png */; };
		F2029F3D15E5FEBF00A4E0FE /* blueArrow.png in Resources */ = {isa = PBXBuildFile; fileRef = F2029F3515E5FEBF00A4E0FE /* blueArrow.png */; };
		F2029F3E15E5FEBF00A4E0FE /* blueArrow@2x.png in Resources */ = {isa = PBXBuildFile; fileRef = F2029F3615E5FEBF00A4E0FE /* blueArrow@2x.png */; };
		F2029F4115E5FEBF00A4E0FE /* grayArrow.png in Resources */ = {isa = PBXBuildFile; fileRef = F2029F3915E5FEBF00A4E0FE /* grayArrow.png */; };
		F2029F4215E5FEBF00A4E0FE /* grayArrow@2x.png in Resources */ = {isa = PBXBuildFile; fileRef = F2029F3A15E5FEBF00A4E0FE /* grayArrow@2x.png */; };
		F2029F4515E5FEDB00A4E0FE /* whiteArrow.png in Resources */ = {isa = PBXBuildFile; fileRef = F2029F4315E5FEDB00A4E0FE /* whiteArrow.png */; };
		F2029F4615E5FEDB00A4E0FE /* whiteArrow@2x.png in Resources */ = {isa = PBXBuildFile; fileRef = F2029F4415E5FEDB00A4E0FE /* whiteArrow@2x.png */; };
		F2029F4B15E5FF0700A4E0FE /* EGORefreshTableHeaderView.m in Sources */ = {isa = PBXBuildFile; fileRef = F2029F4815E5FF0700A4E0FE /* EGORefreshTableHeaderView.m */; };
		F2029F4C15E5FF0700A4E0FE /* EGORefreshTableViewController.m in Sources */ = {isa = PBXBuildFile; fileRef = F2029F4A15E5FF0700A4E0FE /* EGORefreshTableViewController.m */; };
		F2029F4F15E600AF00A4E0FE /* Storyboard_iphone.storyboard in Resources */ = {isa = PBXBuildFile; fileRef = F2029F4E15E600AE00A4E0FE /* Storyboard_iphone.storyboard */; };
		F2029F5115E600D200A4E0FE /* CoreData.framework in Frameworks */ = {isa = PBXBuildFile; fileRef = F2029F5015E600D200A4E0FE /* CoreData.framework */; };
		F2029F5315E600DD00A4E0FE /* CoreLocation.framework in Frameworks */ = {isa = PBXBuildFile; fileRef = F2029F5215E600DD00A4E0FE /* CoreLocation.framework */; };
		F2029F5515E600F200A4E0FE /* MapKit.framework in Frameworks */ = {isa = PBXBuildFile; fileRef = F2029F5415E600F200A4E0FE /* MapKit.framework */; };
		F2029F5715E6011A00A4E0FE /* Twitter.framework in Frameworks */ = {isa = PBXBuildFile; fileRef = F2029F5615E6011A00A4E0FE /* Twitter.framework */; };
		F2029F5B15E6015700A4E0FE /* FortuneTweetModel.xcdatamodeld in Sources */ = {isa = PBXBuildFile; fileRef = F2029F5915E6015700A4E0FE /* FortuneTweetModel.xcdatamodeld */; };
		F2029F6715E607B600A4E0FE /* FrotuneBookTableViewController.m in Sources */ = {isa = PBXBuildFile; fileRef = F2029F6615E607B600A4E0FE /* FrotuneBookTableViewController.m */; };
		F2029F6A15E607E200A4E0FE /* FortuneListTableViewController.m in Sources */ = {isa = PBXBuildFile; fileRef = F2029F6915E607E200A4E0FE /* FortuneListTableViewController.m */; };
		F2029F6D15E6080500A4E0FE /* HistoryListTableViewController.m in Sources */ = {isa = PBXBuildFile; fileRef = F2029F6C15E6080500A4E0FE /* HistoryListTableViewController.m */; };
		F2029F7015E6082100A4E0FE /* UserListTableViewController.m in Sources */ = {isa = PBXBuildFile; fileRef = F2029F6F15E6082100A4E0FE /* UserListTableViewController.m */; };
		F2029F7315E6084900A4E0FE /* HistoryMapViewController.m in Sources */ = {isa = PBXBuildFile; fileRef = F2029F7215E6084900A4E0FE /* HistoryMapViewController.m */; };
		F2029F7515E6099700A4E0FE /* Placeholder.png in Resources */ = {isa = PBXBuildFile; fileRef = F2029F7415E6099700A4E0FE /* Placeholder.png */; };
		F2029F7715E60B5200A4E0FE /* QuartzCore.framework in Frameworks */ = {isa = PBXBuildFile; fileRef = F2029F7615E60B5200A4E0FE /* QuartzCore.framework */; };
		F2029F7A15E613B100A4E0FE /* TWListTableViewController.m in Sources */ = {isa = PBXBuildFile; fileRef = F2029F7915E613B000A4E0FE /* TWListTableViewController.m */; };
		F2029FA115E61A7500A4E0FE /* TwitterAPI.m in Sources */ = {isa = PBXBuildFile; fileRef = F2029FA015E61A7400A4E0FE /* TwitterAPI.m */; };
		F2029FA815E61F2C00A4E0FE /* TwitterUser+Twitter.m in Sources */ = {isa = PBXBuildFile; fileRef = F2029FA715E61F2C00A4E0FE /* TwitterUser+Twitter.m */; };
		F2029FAB15E61F6800A4E0FE /* TwitterList+Twitter.m in Sources */ = {isa = PBXBuildFile; fileRef = F2029FAA15E61F6700A4E0FE /* TwitterList+Twitter.m */; };
		F2029FAD15E6324C00A4E0FE /* Accounts.framework in Frameworks */ = {isa = PBXBuildFile; fileRef = F2029FAC15E6324B00A4E0FE /* Accounts.framework */; };
		F2029FB215E6332900A4E0FE /* TwitterAPI.m in Sources */ = {isa = PBXBuildFile; fileRef = F2029FA015E61A7400A4E0FE /* TwitterAPI.m */; };
		F2029FB615E63D3000A4E0FE /* History.m in Sources */ = {isa = PBXBuildFile; fileRef = F2029FB515E63D3000A4E0FE /* History.m */; };
		F2029FB915E63D3000A4E0FE /* TwitterUser.m in Sources */ = {isa = PBXBuildFile; fileRef = F2029FB815E63D3000A4E0FE /* TwitterUser.m */; };
		F2029FBC15E63D3100A4E0FE /* Fortune.m in Sources */ = {isa = PBXBuildFile; fileRef = F2029FBB15E63D3000A4E0FE /* Fortune.m */; };
		F2029FBF15E63D3100A4E0FE /* TwitterList.m in Sources */ = {isa = PBXBuildFile; fileRef = F2029FBE15E63D3100A4E0FE /* TwitterList.m */; };
		F2029FD615E66BC200A4E0FE /* History+CLLocation.m in Sources */ = {isa = PBXBuildFile; fileRef = F2029FD515E66BC200A4E0FE /* History+CLLocation.m */; };
		F2029FEF15E70EB700A4E0FE /* ManagedDocumentHelper.m in Sources */ = {isa = PBXBuildFile; fileRef = F2029FEE15E70EB600A4E0FE /* ManagedDocumentHelper.m */; };
/* End PBXBuildFile section */

/* Begin PBXContainerItemProxy section */
		F2029F0815E5FDCD00A4E0FE /* PBXContainerItemProxy */ = {
			isa = PBXContainerItemProxy;
			containerPortal = F2029ED915E5FDCD00A4E0FE /* Project object */;
			proxyType = 1;
			remoteGlobalIDString = F2029EE115E5FDCD00A4E0FE;
			remoteInfo = FortuneTweet;
		};
/* End PBXContainerItemProxy section */

/* Begin PBXFileReference section */
		F2029EE215E5FDCD00A4E0FE /* FortuneTweet.app */ = {isa = PBXFileReference; explicitFileType = wrapper.application; includeInIndex = 0; path = FortuneTweet.app; sourceTree = BUILT_PRODUCTS_DIR; };
		F2029EE615E5FDCD00A4E0FE /* UIKit.framework */ = {isa = PBXFileReference; lastKnownFileType = wrapper.framework; name = UIKit.framework; path = System/Library/Frameworks/UIKit.framework; sourceTree = SDKROOT; };
		F2029EE815E5FDCD00A4E0FE /* Foundation.framework */ = {isa = PBXFileReference; lastKnownFileType = wrapper.framework; name = Foundation.framework; path = System/Library/Frameworks/Foundation.framework; sourceTree = SDKROOT; };
		F2029EEA15E5FDCD00A4E0FE /* CoreGraphics.framework */ = {isa = PBXFileReference; lastKnownFileType = wrapper.framework; name = CoreGraphics.framework; path = System/Library/Frameworks/CoreGraphics.framework; sourceTree = SDKROOT; };
		F2029EEE15E5FDCD00A4E0FE /* FortuneTweet-Info.plist */ = {isa = PBXFileReference; lastKnownFileType = text.plist.xml; path = "FortuneTweet-Info.plist"; sourceTree = "<group>"; };
		F2029EF015E5FDCD00A4E0FE /* en */ = {isa = PBXFileReference; lastKnownFileType = text.plist.strings; name = en; path = en.lproj/InfoPlist.strings; sourceTree = "<group>"; };
		F2029EF215E5FDCD00A4E0FE /* main.m */ = {isa = PBXFileReference; lastKnownFileType = sourcecode.c.objc; path = main.m; sourceTree = "<group>"; };
		F2029EF415E5FDCD00A4E0FE /* FortuneTweet-Prefix.pch */ = {isa = PBXFileReference; lastKnownFileType = sourcecode.c.h; path = "FortuneTweet-Prefix.pch"; sourceTree = "<group>"; };
		F2029EF515E5FDCD00A4E0FE /* AppDelegate.h */ = {isa = PBXFileReference; lastKnownFileType = sourcecode.c.h; path = AppDelegate.h; sourceTree = "<group>"; };
		F2029EF615E5FDCD00A4E0FE /* AppDelegate.m */ = {isa = PBXFileReference; lastKnownFileType = sourcecode.c.objc; path = AppDelegate.m; sourceTree = "<group>"; };
		F2029F0315E5FDCD00A4E0FE /* FortuneTweetTests.octest */ = {isa = PBXFileReference; explicitFileType = wrapper.cfbundle; includeInIndex = 0; path = FortuneTweetTests.octest; sourceTree = BUILT_PRODUCTS_DIR; };
		F2029F0415E5FDCD00A4E0FE /* SenTestingKit.framework */ = {isa = PBXFileReference; lastKnownFileType = wrapper.framework; name = SenTestingKit.framework; path = Library/Frameworks/SenTestingKit.framework; sourceTree = DEVELOPER_DIR; };
		F2029F0C15E5FDCD00A4E0FE /* FortuneTweetTests-Info.plist */ = {isa = PBXFileReference; lastKnownFileType = text.plist.xml; path = "FortuneTweetTests-Info.plist"; sourceTree = "<group>"; };
		F2029F0E15E5FDCD00A4E0FE /* en */ = {isa = PBXFileReference; lastKnownFileType = text.plist.strings; name = en; path = en.lproj/InfoPlist.strings; sourceTree = "<group>"; };
		F2029F1015E5FDCD00A4E0FE /* FortuneTweetTests.h */ = {isa = PBXFileReference; lastKnownFileType = sourcecode.c.h; path = FortuneTweetTests.h; sourceTree = "<group>"; };
		F2029F1115E5FDCD00A4E0FE /* FortuneTweetTests.m */ = {isa = PBXFileReference; lastKnownFileType = sourcecode.c.objc; path = FortuneTweetTests.m; sourceTree = "<group>"; };
		F2029F1B15E5FDEF00A4E0FE /* Default.png */ = {isa = PBXFileReference; lastKnownFileType = image.png; name = Default.png; path = ../Default.png; sourceTree = "<group>"; };
		F2029F1C15E5FDEF00A4E0FE /* Default@2x.png */ = {isa = PBXFileReference; lastKnownFileType = image.png; name = "Default@2x.png"; path = "../Default@2x.png"; sourceTree = "<group>"; };
		F2029F1D15E5FDEF00A4E0FE /* Icon-72.png */ = {isa = PBXFileReference; lastKnownFileType = image.png; name = "Icon-72.png"; path = "../Icon-72.png"; sourceTree = "<group>"; };
		F2029F1E15E5FDEF00A4E0FE /* Icon-Small-50.png */ = {isa = PBXFileReference; lastKnownFileType = image.png; name = "Icon-Small-50.png"; path = "../Icon-Small-50.png"; sourceTree = "<group>"; };
		F2029F1F15E5FDEF00A4E0FE /* Icon-Small.png */ = {isa = PBXFileReference; lastKnownFileType = image.png; name = "Icon-Small.png"; path = "../Icon-Small.png"; sourceTree = "<group>"; };
		F2029F2015E5FDEF00A4E0FE /* Icon-Small@2x.png */ = {isa = PBXFileReference; lastKnownFileType = image.png; name = "Icon-Small@2x.png"; path = "../Icon-Small@2x.png"; sourceTree = "<group>"; };
		F2029F2115E5FDEF00A4E0FE /* Icon.png */ = {isa = PBXFileReference; lastKnownFileType = image.png; path = Icon.png; sourceTree = "<group>"; };
		F2029F2215E5FDEF00A4E0FE /* Icon@2x.png */ = {isa = PBXFileReference; lastKnownFileType = image.png; path = "Icon@2x.png"; sourceTree = "<group>"; };
		F2029F2315E5FDEF00A4E0FE /* iTunesArtwork */ = {isa = PBXFileReference; lastKnownFileType = file; name = iTunesArtwork; path = ../iTunesArtwork; sourceTree = "<group>"; };
		F2029F2D15E5FE4800A4E0FE /* CoreDataTableViewController.h */ = {isa = PBXFileReference; fileEncoding = 4; lastKnownFileType = sourcecode.c.h; path = CoreDataTableViewController.h; sourceTree = "<group>"; };
		F2029F2E15E5FE4800A4E0FE /* CoreDataTableViewController.m */ = {isa = PBXFileReference; fileEncoding = 4; lastKnownFileType = sourcecode.c.objc; path = CoreDataTableViewController.m; sourceTree = "<group>"; };
		F2029F3015E5FE7000A4E0FE /* AskerViewController.h */ = {isa = PBXFileReference; fileEncoding = 4; lastKnownFileType = sourcecode.c.h; path = AskerViewController.h; sourceTree = "<group>"; };
		F2029F3115E5FE7000A4E0FE /* AskerViewController.m */ = {isa = PBXFileReference; fileEncoding = 4; lastKnownFileType = sourcecode.c.objc; path = AskerViewController.m; sourceTree = "<group>"; };
		F2029F3315E5FEBF00A4E0FE /* blackArrow.png */ = {isa = PBXFileReference; lastKnownFileType = image.png; path = blackArrow.png; sourceTree = "<group>"; };
		F2029F3415E5FEBF00A4E0FE /* blackArrow@2x.png */ = {isa = PBXFileReference; lastKnownFileType = image.png; path = "blackArrow@2x.png"; sourceTree = "<group>"; };
		F2029F3515E5FEBF00A4E0FE /* blueArrow.png */ = {isa = PBXFileReference; lastKnownFileType = image.png; path = blueArrow.png; sourceTree = "<group>"; };
		F2029F3615E5FEBF00A4E0FE /* blueArrow@2x.png */ = {isa = PBXFileReference; lastKnownFileType = image.png; path = "blueArrow@2x.png"; sourceTree = "<group>"; };
		F2029F3915E5FEBF00A4E0FE /* grayArrow.png */ = {isa = PBXFileReference; lastKnownFileType = image.png; path = grayArrow.png; sourceTree = "<group>"; };
		F2029F3A15E5FEBF00A4E0FE /* grayArrow@2x.png */ = {isa = PBXFileReference; lastKnownFileType = image.png; path = "grayArrow@2x.png"; sourceTree = "<group>"; };
		F2029F4315E5FEDB00A4E0FE /* whiteArrow.png */ = {isa = PBXFileReference; lastKnownFileType = image.png; path = whiteArrow.png; sourceTree = "<group>"; };
		F2029F4415E5FEDB00A4E0FE /* whiteArrow@2x.png */ = {isa = PBXFileReference; lastKnownFileType = image.png; path = "whiteArrow@2x.png"; sourceTree = "<group>"; };
		F2029F4715E5FF0700A4E0FE /* EGORefreshTableHeaderView.h */ = {isa = PBXFileReference; fileEncoding = 4; lastKnownFileType = sourcecode.c.h; path = EGORefreshTableHeaderView.h; sourceTree = "<group>"; };
		F2029F4815E5FF0700A4E0FE /* EGORefreshTableHeaderView.m */ = {isa = PBXFileReference; fileEncoding = 4; lastKnownFileType = sourcecode.c.objc; path = EGORefreshTableHeaderView.m; sourceTree = "<group>"; };
		F2029F4915E5FF0700A4E0FE /* EGORefreshTableViewController.h */ = {isa = PBXFileReference; fileEncoding = 4; lastKnownFileType = sourcecode.c.h; path = EGORefreshTableViewController.h; sourceTree = "<group>"; };
		F2029F4A15E5FF0700A4E0FE /* EGORefreshTableViewController.m */ = {isa = PBXFileReference; fileEncoding = 4; lastKnownFileType = sourcecode.c.objc; path = EGORefreshTableViewController.m; sourceTree = "<group>"; };
		F2029F4E15E600AE00A4E0FE /* Storyboard_iphone.storyboard */ = {isa = PBXFileReference; fileEncoding = 4; lastKnownFileType = file.storyboard; name = Storyboard_iphone.storyboard; path = ../Storyboard_iphone.storyboard; sourceTree = "<group>"; };
		F2029F5015E600D200A4E0FE /* CoreData.framework */ = {isa = PBXFileReference; lastKnownFileType = wrapper.framework; name = CoreData.framework; path = System/Library/Frameworks/CoreData.framework; sourceTree = SDKROOT; };
		F2029F5215E600DD00A4E0FE /* CoreLocation.framework */ = {isa = PBXFileReference; lastKnownFileType = wrapper.framework; name = CoreLocation.framework; path = System/Library/Frameworks/CoreLocation.framework; sourceTree = SDKROOT; };
		F2029F5415E600F200A4E0FE /* MapKit.framework */ = {isa = PBXFileReference; lastKnownFileType = wrapper.framework; name = MapKit.framework; path = System/Library/Frameworks/MapKit.framework; sourceTree = SDKROOT; };
		F2029F5615E6011A00A4E0FE /* Twitter.framework */ = {isa = PBXFileReference; lastKnownFileType = wrapper.framework; name = Twitter.framework; path = System/Library/Frameworks/Twitter.framework; sourceTree = SDKROOT; };
		F2029F5A15E6015700A4E0FE /* FortuneTweetModel.xcdatamodel */ = {isa = PBXFileReference; lastKnownFileType = wrapper.xcdatamodel; path = FortuneTweetModel.xcdatamodel; sourceTree = "<group>"; };
		F2029F6515E607B600A4E0FE /* FrotuneBookTableViewController.h */ = {isa = PBXFileReference; fileEncoding = 4; lastKnownFileType = sourcecode.c.h; path = FrotuneBookTableViewController.h; sourceTree = "<group>"; };
		F2029F6615E607B600A4E0FE /* FrotuneBookTableViewController.m */ = {isa = PBXFileReference; fileEncoding = 4; lastKnownFileType = sourcecode.c.objc; path = FrotuneBookTableViewController.m; sourceTree = "<group>"; };
		F2029F6815E607E200A4E0FE /* FortuneListTableViewController.h */ = {isa = PBXFileReference; fileEncoding = 4; lastKnownFileType = sourcecode.c.h; path = FortuneListTableViewController.h; sourceTree = "<group>"; };
		F2029F6915E607E200A4E0FE /* FortuneListTableViewController.m */ = {isa = PBXFileReference; fileEncoding = 4; lastKnownFileType = sourcecode.c.objc; path = FortuneListTableViewController.m; sourceTree = "<group>"; };
		F2029F6B15E6080500A4E0FE /* HistoryListTableViewController.h */ = {isa = PBXFileReference; fileEncoding = 4; lastKnownFileType = sourcecode.c.h; path = HistoryListTableViewController.h; sourceTree = "<group>"; };
		F2029F6C15E6080500A4E0FE /* HistoryListTableViewController.m */ = {isa = PBXFileReference; fileEncoding = 4; lastKnownFileType = sourcecode.c.objc; path = HistoryListTableViewController.m; sourceTree = "<group>"; };
		F2029F6E15E6082100A4E0FE /* UserListTableViewController.h */ = {isa = PBXFileReference; fileEncoding = 4; lastKnownFileType = sourcecode.c.h; path = UserListTableViewController.h; sourceTree = "<group>"; };
		F2029F6F15E6082100A4E0FE /* UserListTableViewController.m */ = {isa = PBXFileReference; fileEncoding = 4; lastKnownFileType = sourcecode.c.objc; path = UserListTableViewController.m; sourceTree = "<group>"; };
		F2029F7115E6084900A4E0FE /* HistoryMapViewController.h */ = {isa = PBXFileReference; fileEncoding = 4; lastKnownFileType = sourcecode.c.h; path = HistoryMapViewController.h; sourceTree = "<group>"; };
		F2029F7215E6084900A4E0FE /* HistoryMapViewController.m */ = {isa = PBXFileReference; fileEncoding = 4; lastKnownFileType = sourcecode.c.objc; path = HistoryMapViewController.m; sourceTree = "<group>"; };
		F2029F7415E6099700A4E0FE /* Placeholder.png */ = {isa = PBXFileReference; lastKnownFileType = image.png; path = Placeholder.png; sourceTree = "<group>"; };
		F2029F7615E60B5200A4E0FE /* QuartzCore.framework */ = {isa = PBXFileReference; lastKnownFileType = wrapper.framework; name = QuartzCore.framework; path = System/Library/Frameworks/QuartzCore.framework; sourceTree = SDKROOT; };
		F2029F7815E613B000A4E0FE /* TWListTableViewController.h */ = {isa = PBXFileReference; fileEncoding = 4; lastKnownFileType = sourcecode.c.h; path = TWListTableViewController.h; sourceTree = "<group>"; };
		F2029F7915E613B000A4E0FE /* TWListTableViewController.m */ = {isa = PBXFileReference; fileEncoding = 4; lastKnownFileType = sourcecode.c.objc; path = TWListTableViewController.m; sourceTree = "<group>"; };
		F2029F9F15E61A7400A4E0FE /* TwitterAPI.h */ = {isa = PBXFileReference; fileEncoding = 4; lastKnownFileType = sourcecode.c.h; path = TwitterAPI.h; sourceTree = "<group>"; };
		F2029FA015E61A7400A4E0FE /* TwitterAPI.m */ = {isa = PBXFileReference; fileEncoding = 4; lastKnownFileType = sourcecode.c.objc; path = TwitterAPI.m; sourceTree = "<group>"; };
		F2029FA615E61F2C00A4E0FE /* TwitterUser+Twitter.h */ = {isa = PBXFileReference; fileEncoding = 4; lastKnownFileType = sourcecode.c.h; path = "TwitterUser+Twitter.h"; sourceTree = "<group>"; };
		F2029FA715E61F2C00A4E0FE /* TwitterUser+Twitter.m */ = {isa = PBXFileReference; fileEncoding = 4; lastKnownFileType = sourcecode.c.objc; path = "TwitterUser+Twitter.m"; sourceTree = "<group>"; };
		F2029FA915E61F6700A4E0FE /* TwitterList+Twitter.h */ = {isa = PBXFileReference; fileEncoding = 4; lastKnownFileType = sourcecode.c.h; path = "TwitterList+Twitter.h"; sourceTree = "<group>"; };
		F2029FAA15E61F6700A4E0FE /* TwitterList+Twitter.m */ = {isa = PBXFileReference; fileEncoding = 4; lastKnownFileType = sourcecode.c.objc; path = "TwitterList+Twitter.m"; sourceTree = "<group>"; };
		F2029FAC15E6324B00A4E0FE /* Accounts.framework */ = {isa = PBXFileReference; lastKnownFileType = wrapper.framework; name = Accounts.framework; path = System/Library/Frameworks/Accounts.framework; sourceTree = SDKROOT; };
		F2029FB415E63D3000A4E0FE /* History.h */ = {isa = PBXFileReference; fileEncoding = 4; lastKnownFileType = sourcecode.c.h; path = History.h; sourceTree = "<group>"; };
		F2029FB515E63D3000A4E0FE /* History.m */ = {isa = PBXFileReference; fileEncoding = 4; lastKnownFileType = sourcecode.c.objc; path = History.m; sourceTree = "<group>"; };
		F2029FB715E63D3000A4E0FE /* TwitterUser.h */ = {isa = PBXFileReference; fileEncoding = 4; lastKnownFileType = sourcecode.c.h; path = TwitterUser.h; sourceTree = "<group>"; };
		F2029FB815E63D3000A4E0FE /* TwitterUser.m */ = {isa = PBXFileReference; fileEncoding = 4; lastKnownFileType = sourcecode.c.objc; path = TwitterUser.m; sourceTree = "<group>"; };
		F2029FBA15E63D3000A4E0FE /* Fortune.h */ = {isa = PBXFileReference; fileEncoding = 4; lastKnownFileType = sourcecode.c.h; path = Fortune.h; sourceTree = "<group>"; };
		F2029FBB15E63D3000A4E0FE /* Fortune.m */ = {isa = PBXFileReference; fileEncoding = 4; lastKnownFileType = sourcecode.c.objc; path = Fortune.m; sourceTree = "<group>"; };
		F2029FBD15E63D3100A4E0FE /* TwitterList.h */ = {isa = PBXFileReference; fileEncoding = 4; lastKnownFileType = sourcecode.c.h; path = TwitterList.h; sourceTree = "<group>"; };
		F2029FBE15E63D3100A4E0FE /* TwitterList.m */ = {isa = PBXFileReference; fileEncoding = 4; lastKnownFileType = sourcecode.c.objc; path = TwitterList.m; sourceTree = "<group>"; };
		F2029FD415E66BC200A4E0FE /* History+CLLocation.h */ = {isa = PBXFileReference; fileEncoding = 4; lastKnownFileType = sourcecode.c.h; path = "History+CLLocation.h"; sourceTree = "<group>"; };
		F2029FD515E66BC200A4E0FE /* History+CLLocation.m */ = {isa = PBXFileReference; fileEncoding = 4; lastKnownFileType = sourcecode.c.objc; path = "History+CLLocation.m"; sourceTree = "<group>"; };
		F2029FED15E70EB400A4E0FE /* ManagedDocumentHelper.h */ = {isa = PBXFileReference; fileEncoding = 4; lastKnownFileType = sourcecode.c.h; path = ManagedDocumentHelper.h; sourceTree = "<group>"; };
		F2029FEE15E70EB600A4E0FE /* ManagedDocumentHelper.m */ = {isa = PBXFileReference; fileEncoding = 4; lastKnownFileType = sourcecode.c.objc; path = ManagedDocumentHelper.m; sourceTree = "<group>"; };
/* End PBXFileReference section */

/* Begin PBXFrameworksBuildPhase section */
		F2029EDF15E5FDCD00A4E0FE /* Frameworks */ = {
			isa = PBXFrameworksBuildPhase;
			buildActionMask = 2147483647;
			files = (
				F2029FAD15E6324C00A4E0FE /* Accounts.framework in Frameworks */,
				F2029F7715E60B5200A4E0FE /* QuartzCore.framework in Frameworks */,
				F2029F5715E6011A00A4E0FE /* Twitter.framework in Frameworks */,
				F2029F5515E600F200A4E0FE /* MapKit.framework in Frameworks */,
				F2029F5315E600DD00A4E0FE /* CoreLocation.framework in Frameworks */,
				F2029F5115E600D200A4E0FE /* CoreData.framework in Frameworks */,
				F2029EE715E5FDCD00A4E0FE /* UIKit.framework in Frameworks */,
				F2029EE915E5FDCD00A4E0FE /* Foundation.framework in Frameworks */,
				F2029EEB15E5FDCD00A4E0FE /* CoreGraphics.framework in Frameworks */,
			);
			runOnlyForDeploymentPostprocessing = 0;
		};
		F2029EFF15E5FDCD00A4E0FE /* Frameworks */ = {
			isa = PBXFrameworksBuildPhase;
			buildActionMask = 2147483647;
			files = (
				F2029F0515E5FDCD00A4E0FE /* SenTestingKit.framework in Frameworks */,
				F2029F0615E5FDCD00A4E0FE /* UIKit.framework in Frameworks */,
				F2029F0715E5FDCD00A4E0FE /* Foundation.framework in Frameworks */,
			);
			runOnlyForDeploymentPostprocessing = 0;
		};
/* End PBXFrameworksBuildPhase section */

/* Begin PBXGroup section */
		F2029ED715E5FDCD00A4E0FE = {
			isa = PBXGroup;
			children = (
				F2029F2115E5FDEF00A4E0FE /* Icon.png */,
				F2029F2215E5FDEF00A4E0FE /* Icon@2x.png */,
				F2029EEC15E5FDCD00A4E0FE /* FortuneTweet */,
				F2029F0A15E5FDCD00A4E0FE /* FortuneTweetTests */,
				F2029EE515E5FDCD00A4E0FE /* Frameworks */,
				F2029EE315E5FDCD00A4E0FE /* Products */,
			);
			sourceTree = "<group>";
		};
		F2029EE315E5FDCD00A4E0FE /* Products */ = {
			isa = PBXGroup;
			children = (
				F2029EE215E5FDCD00A4E0FE /* FortuneTweet.app */,
				F2029F0315E5FDCD00A4E0FE /* FortuneTweetTests.octest */,
			);
			name = Products;
			sourceTree = "<group>";
		};
		F2029EE515E5FDCD00A4E0FE /* Frameworks */ = {
			isa = PBXGroup;
			children = (
				F2029FAC15E6324B00A4E0FE /* Accounts.framework */,
				F2029F7615E60B5200A4E0FE /* QuartzCore.framework */,
				F2029F5615E6011A00A4E0FE /* Twitter.framework */,
				F2029F5415E600F200A4E0FE /* MapKit.framework */,
				F2029F5215E600DD00A4E0FE /* CoreLocation.framework */,
				F2029F5015E600D200A4E0FE /* CoreData.framework */,
				F2029EE615E5FDCD00A4E0FE /* UIKit.framework */,
				F2029EE815E5FDCD00A4E0FE /* Foundation.framework */,
				F2029EEA15E5FDCD00A4E0FE /* CoreGraphics.framework */,
				F2029F0415E5FDCD00A4E0FE /* SenTestingKit.framework */,
			);
			name = Frameworks;
			sourceTree = "<group>";
		};
		F2029EEC15E5FDCD00A4E0FE /* FortuneTweet */ = {
			isa = PBXGroup;
			children = (
				F2029F6515E607B600A4E0FE /* FrotuneBookTableViewController.h */,
				F2029F6E15E6082100A4E0FE /* UserListTableViewController.h */,
				F2029F6F15E6082100A4E0FE /* UserListTableViewController.m */,
				F2029F7115E6084900A4E0FE /* HistoryMapViewController.h */,
				F2029F7215E6084900A4E0FE /* HistoryMapViewController.m */,
				F2029F6615E607B600A4E0FE /* FrotuneBookTableViewController.m */,
				F2029F6815E607E200A4E0FE /* FortuneListTableViewController.h */,
				F2029F6915E607E200A4E0FE /* FortuneListTableViewController.m */,
				F2029F4E15E600AE00A4E0FE /* Storyboard_iphone.storyboard */,
				F2029F7815E613B000A4E0FE /* TWListTableViewController.h */,
				F2029FED15E70EB400A4E0FE /* ManagedDocumentHelper.h */,
				F2029FEE15E70EB600A4E0FE /* ManagedDocumentHelper.m */,
				F2029F9F15E61A7400A4E0FE /* TwitterAPI.h */,
				F2029FA015E61A7400A4E0FE /* TwitterAPI.m */,
				F2029F7915E613B000A4E0FE /* TWListTableViewController.m */,
				F2029F4915E5FF0700A4E0FE /* EGORefreshTableViewController.h */,
				F2029F4A15E5FF0700A4E0FE /* EGORefreshTableViewController.m */,
				F2029F3015E5FE7000A4E0FE /* AskerViewController.h */,
				F2029F4D15E5FF8400A4E0FE /* EGORefresh */,
				F2029F3115E5FE7000A4E0FE /* AskerViewController.m */,
				F2029F5815E6012D00A4E0FE /* CoreData */,
				F2029EED15E5FDCD00A4E0FE /* Supporting Files */,
				F2029F6B15E6080500A4E0FE /* HistoryListTableViewController.h */,
				F2029F6C15E6080500A4E0FE /* HistoryListTableViewController.m */,
			);
			path = FortuneTweet;
			sourceTree = "<group>";
		};
		F2029EED15E5FDCD00A4E0FE /* Supporting Files */ = {
			isa = PBXGroup;
			children = (
				F2029EF615E5FDCD00A4E0FE /* AppDelegate.m */,
				F2029EF515E5FDCD00A4E0FE /* AppDelegate.h */,
				F2029F1B15E5FDEF00A4E0FE /* Default.png */,
				F2029F7415E6099700A4E0FE /* Placeholder.png */,
				F2029F1C15E5FDEF00A4E0FE /* Default@2x.png */,
				F2029F1D15E5FDEF00A4E0FE /* Icon-72.png */,
				F2029F1E15E5FDEF00A4E0FE /* Icon-Small-50.png */,
				F2029F1F15E5FDEF00A4E0FE /* Icon-Small.png */,
				F2029F2015E5FDEF00A4E0FE /* Icon-Small@2x.png */,
				F2029F2315E5FDEF00A4E0FE /* iTunesArtwork */,
				F2029EEE15E5FDCD00A4E0FE /* FortuneTweet-Info.plist */,
				F2029EEF15E5FDCD00A4E0FE /* InfoPlist.strings */,
				F2029EF215E5FDCD00A4E0FE /* main.m */,
				F2029EF415E5FDCD00A4E0FE /* FortuneTweet-Prefix.pch */,
			);
			name = "Supporting Files";
			sourceTree = "<group>";
		};
		F2029F0A15E5FDCD00A4E0FE /* FortuneTweetTests */ = {
			isa = PBXGroup;
			children = (
				F2029F1015E5FDCD00A4E0FE /* FortuneTweetTests.h */,
				F2029F1115E5FDCD00A4E0FE /* FortuneTweetTests.m */,
				F2029F0B15E5FDCD00A4E0FE /* Supporting Files */,
			);
			path = FortuneTweetTests;
			sourceTree = "<group>";
		};
		F2029F0B15E5FDCD00A4E0FE /* Supporting Files */ = {
			isa = PBXGroup;
			children = (
				F2029F0C15E5FDCD00A4E0FE /* FortuneTweetTests-Info.plist */,
				F2029F0D15E5FDCD00A4E0FE /* InfoPlist.strings */,
			);
			name = "Supporting Files";
			sourceTree = "<group>";
		};
		F2029F4D15E5FF8400A4E0FE /* EGORefresh */ = {
			isa = PBXGroup;
			children = (
				F2029F3915E5FEBF00A4E0FE /* grayArrow.png */,
				F2029F3A15E5FEBF00A4E0FE /* grayArrow@2x.png */,
				F2029F3315E5FEBF00A4E0FE /* blackArrow.png */,
				F2029F3415E5FEBF00A4E0FE /* blackArrow@2x.png */,
				F2029F3515E5FEBF00A4E0FE /* blueArrow.png */,
				F2029F3615E5FEBF00A4E0FE /* blueArrow@2x.png */,
				F2029F4315E5FEDB00A4E0FE /* whiteArrow.png */,
				F2029F4415E5FEDB00A4E0FE /* whiteArrow@2x.png */,
				F2029F4715E5FF0700A4E0FE /* EGORefreshTableHeaderView.h */,
				F2029F4815E5FF0700A4E0FE /* EGORefreshTableHeaderView.m */,
			);
			name = EGORefresh;
			sourceTree = "<group>";
		};
		F2029F5815E6012D00A4E0FE /* CoreData */ = {
			isa = PBXGroup;
			children = (
				F2029F2D15E5FE4800A4E0FE /* CoreDataTableViewController.h */,
				F2029F5915E6015700A4E0FE /* FortuneTweetModel.xcdatamodeld */,
				F2029FBD15E63D3100A4E0FE /* TwitterList.h */,
				F2029FD415E66BC200A4E0FE /* History+CLLocation.h */,
				F2029FD515E66BC200A4E0FE /* History+CLLocation.m */,
				F2029FBE15E63D3100A4E0FE /* TwitterList.m */,
				F2029FBA15E63D3000A4E0FE /* Fortune.h */,
				F2029FBB15E63D3000A4E0FE /* Fortune.m */,
				F2029FB715E63D3000A4E0FE /* TwitterUser.h */,
				F2029FB815E63D3000A4E0FE /* TwitterUser.m */,
				F2029FB415E63D3000A4E0FE /* History.h */,
				F2029FB515E63D3000A4E0FE /* History.m */,
				F2029F2E15E5FE4800A4E0FE /* CoreDataTableViewController.m */,
				F2029FA915E61F6700A4E0FE /* TwitterList+Twitter.h */,
				F2029FAA15E61F6700A4E0FE /* TwitterList+Twitter.m */,
				F2029FA615E61F2C00A4E0FE /* TwitterUser+Twitter.h */,
				F2029FA715E61F2C00A4E0FE /* TwitterUser+Twitter.m */,
			);
			name = CoreData;
			sourceTree = "<group>";
		};
/* End PBXGroup section */

/* Begin PBXNativeTarget section */
		F2029EE115E5FDCD00A4E0FE /* FortuneTweet */ = {
			isa = PBXNativeTarget;
			buildConfigurationList = F2029F1515E5FDCD00A4E0FE /* Build configuration list for PBXNativeTarget "FortuneTweet" */;
			buildPhases = (
				F2029EDE15E5FDCD00A4E0FE /* Sources */,
				F2029EDF15E5FDCD00A4E0FE /* Frameworks */,
				F2029EE015E5FDCD00A4E0FE /* Resources */,
			);
			buildRules = (
			);
			dependencies = (
			);
			name = FortuneTweet;
			productName = FortuneTweet;
			productReference = F2029EE215E5FDCD00A4E0FE /* FortuneTweet.app */;
			productType = "com.apple.product-type.application";
		};
		F2029F0215E5FDCD00A4E0FE /* FortuneTweetTests */ = {
			isa = PBXNativeTarget;
			buildConfigurationList = F2029F1815E5FDCD00A4E0FE /* Build configuration list for PBXNativeTarget "FortuneTweetTests" */;
			buildPhases = (
				F2029EFE15E5FDCD00A4E0FE /* Sources */,
				F2029EFF15E5FDCD00A4E0FE /* Frameworks */,
				F2029F0015E5FDCD00A4E0FE /* Resources */,
				F2029F0115E5FDCD00A4E0FE /* ShellScript */,
			);
			buildRules = (
			);
			dependencies = (
				F2029F0915E5FDCD00A4E0FE /* PBXTargetDependency */,
			);
			name = FortuneTweetTests;
			productName = FortuneTweetTests;
			productReference = F2029F0315E5FDCD00A4E0FE /* FortuneTweetTests.octest */;
			productType = "com.apple.product-type.bundle";
		};
/* End PBXNativeTarget section */

/* Begin PBXProject section */
		F2029ED915E5FDCD00A4E0FE /* Project object */ = {
			isa = PBXProject;
			attributes = {
				LastUpgradeCheck = 0440;
				ORGANIZATIONNAME = "Norimasa Nabeta";
			};
			buildConfigurationList = F2029EDC15E5FDCD00A4E0FE /* Build configuration list for PBXProject "FortuneTweet" */;
			compatibilityVersion = "Xcode 3.2";
			developmentRegion = English;
			hasScannedForEncodings = 0;
			knownRegions = (
				en,
			);
			mainGroup = F2029ED715E5FDCD00A4E0FE;
			productRefGroup = F2029EE315E5FDCD00A4E0FE /* Products */;
			projectDirPath = "";
			projectRoot = "";
			targets = (
				F2029EE115E5FDCD00A4E0FE /* FortuneTweet */,
				F2029F0215E5FDCD00A4E0FE /* FortuneTweetTests */,
			);
		};
/* End PBXProject section */

/* Begin PBXResourcesBuildPhase section */
		F2029EE015E5FDCD00A4E0FE /* Resources */ = {
			isa = PBXResourcesBuildPhase;
			buildActionMask = 2147483647;
			files = (
				F2029EF115E5FDCD00A4E0FE /* InfoPlist.strings in Resources */,
				F2029F2415E5FDEF00A4E0FE /* Default.png in Resources */,
				F2029F2515E5FDEF00A4E0FE /* Default@2x.png in Resources */,
				F2029F2615E5FDEF00A4E0FE /* Icon-72.png in Resources */,
				F2029F2715E5FDEF00A4E0FE /* Icon-Small-50.png in Resources */,
				F2029F2815E5FDEF00A4E0FE /* Icon-Small.png in Resources */,
				F2029F2915E5FDEF00A4E0FE /* Icon-Small@2x.png in Resources */,
				F2029F2A15E5FDEF00A4E0FE /* Icon.png in Resources */,
				F2029F2B15E5FDEF00A4E0FE /* Icon@2x.png in Resources */,
				F2029F2C15E5FDEF00A4E0FE /* iTunesArtwork in Resources */,
				F2029F3B15E5FEBF00A4E0FE /* blackArrow.png in Resources */,
				F2029F3C15E5FEBF00A4E0FE /* blackArrow@2x.png in Resources */,
				F2029F3D15E5FEBF00A4E0FE /* blueArrow.png in Resources */,
				F2029F3E15E5FEBF00A4E0FE /* blueArrow@2x.png in Resources */,
				F2029F4115E5FEBF00A4E0FE /* grayArrow.png in Resources */,
				F2029F4215E5FEBF00A4E0FE /* grayArrow@2x.png in Resources */,
				F2029F4515E5FEDB00A4E0FE /* whiteArrow.png in Resources */,
				F2029F4615E5FEDB00A4E0FE /* whiteArrow@2x.png in Resources */,
				F2029F4F15E600AF00A4E0FE /* Storyboard_iphone.storyboard in Resources */,
				F2029F7515E6099700A4E0FE /* Placeholder.png in Resources */,
			);
			runOnlyForDeploymentPostprocessing = 0;
		};
		F2029F0015E5FDCD00A4E0FE /* Resources */ = {
			isa = PBXResourcesBuildPhase;
			buildActionMask = 2147483647;
			files = (
				F2029F0F15E5FDCD00A4E0FE /* InfoPlist.strings in Resources */,
			);
			runOnlyForDeploymentPostprocessing = 0;
		};
/* End PBXResourcesBuildPhase section */

/* Begin PBXShellScriptBuildPhase section */
		F2029F0115E5FDCD00A4E0FE /* ShellScript */ = {
			isa = PBXShellScriptBuildPhase;
			buildActionMask = 2147483647;
			files = (
			);
			inputPaths = (
			);
			outputPaths = (
			);
			runOnlyForDeploymentPostprocessing = 0;
			shellPath = /bin/sh;
			shellScript = "# Run the unit tests in this test bundle.\n\"${SYSTEM_DEVELOPER_DIR}/Tools/RunUnitTests\"\n";
		};
/* End PBXShellScriptBuildPhase section */

/* Begin PBXSourcesBuildPhase section */
		F2029EDE15E5FDCD00A4E0FE /* Sources */ = {
			isa = PBXSourcesBuildPhase;
			buildActionMask = 2147483647;
			files = (
				F2029FB215E6332900A4E0FE /* TwitterAPI.m in Sources */,
				F2029EF315E5FDCD00A4E0FE /* main.m in Sources */,
				F2029EF715E5FDCD00A4E0FE /* AppDelegate.m in Sources */,
				F2029F2F15E5FE4800A4E0FE /* CoreDataTableViewController.m in Sources */,
				F2029F3215E5FE7000A4E0FE /* AskerViewController.m in Sources */,
				F2029F4B15E5FF0700A4E0FE /* EGORefreshTableHeaderView.m in Sources */,
				F2029F4C15E5FF0700A4E0FE /* EGORefreshTableViewController.m in Sources */,
				F2029F5B15E6015700A4E0FE /* FortuneTweetModel.xcdatamodeld in Sources */,
				F2029F6715E607B600A4E0FE /* FrotuneBookTableViewController.m in Sources */,
				F2029F6A15E607E200A4E0FE /* FortuneListTableViewController.m in Sources */,
				F2029F6D15E6080500A4E0FE /* HistoryListTableViewController.m in Sources */,
				F2029F7015E6082100A4E0FE /* UserListTableViewController.m in Sources */,
				F2029F7315E6084900A4E0FE /* HistoryMapViewController.m in Sources */,
				F2029F7A15E613B100A4E0FE /* TWListTableViewController.m in Sources */,
				F2029FA815E61F2C00A4E0FE /* TwitterUser+Twitter.m in Sources */,
				F2029FAB15E61F6800A4E0FE /* TwitterList+Twitter.m in Sources */,
				F2029FB615E63D3000A4E0FE /* History.m in Sources */,
				F2029FB915E63D3000A4E0FE /* TwitterUser.m in Sources */,
				F2029FBC15E63D3100A4E0FE /* Fortune.m in Sources */,
				F2029FBF15E63D3100A4E0FE /* TwitterList.m in Sources */,
				F2029FD615E66BC200A4E0FE /* History+CLLocation.m in Sources */,
				F2029FEF15E70EB700A4E0FE /* ManagedDocumentHelper.m in Sources */,
			);
			runOnlyForDeploymentPostprocessing = 0;
		};
		F2029EFE15E5FDCD00A4E0FE /* Sources */ = {
			isa = PBXSourcesBuildPhase;
			buildActionMask = 2147483647;
			files = (
				F2029F1215E5FDCD00A4E0FE /* FortuneTweetTests.m in Sources */,
				F2029FA115E61A7500A4E0FE /* TwitterAPI.m in Sources */,
			);
			runOnlyForDeploymentPostprocessing = 0;
		};
/* End PBXSourcesBuildPhase section */

/* Begin PBXTargetDependency section */
		F2029F0915E5FDCD00A4E0FE /* PBXTargetDependency */ = {
			isa = PBXTargetDependency;
			target = F2029EE115E5FDCD00A4E0FE /* FortuneTweet */;
			targetProxy = F2029F0815E5FDCD00A4E0FE /* PBXContainerItemProxy */;
		};
/* End PBXTargetDependency section */

/* Begin PBXVariantGroup section */
		F2029EEF15E5FDCD00A4E0FE /* InfoPlist.strings */ = {
			isa = PBXVariantGroup;
			children = (
				F2029EF015E5FDCD00A4E0FE /* en */,
			);
			name = InfoPlist.strings;
			sourceTree = "<group>";
		};
		F2029F0D15E5FDCD00A4E0FE /* InfoPlist.strings */ = {
			isa = PBXVariantGroup;
			children = (
				F2029F0E15E5FDCD00A4E0FE /* en */,
			);
			name = InfoPlist.strings;
			sourceTree = "<group>";
		};
/* End PBXVariantGroup section */

/* Begin XCBuildConfiguration section */
		F2029F1315E5FDCD00A4E0FE /* Debug */ = {
			isa = XCBuildConfiguration;
			buildSettings = {
				ALWAYS_SEARCH_USER_PATHS = NO;
				ARCHS = "$(ARCHS_STANDARD_32_BIT)";
				CLANG_CXX_LANGUAGE_STANDARD = "gnu++0x";
				CLANG_ENABLE_OBJC_ARC = YES;
				CLANG_WARN__DUPLICATE_METHOD_MATCH = YES;
				"CODE_SIGN_IDENTITY[sdk=iphoneos*]" = "iPhone Developer";
				COPY_PHASE_STRIP = NO;
				GCC_C_LANGUAGE_STANDARD = gnu99;
				GCC_DYNAMIC_NO_PIC = NO;
				GCC_OPTIMIZATION_LEVEL = 0;
				GCC_PREPROCESSOR_DEFINITIONS = (
					"DEBUG=1",
					"$(inherited)",
				);
				GCC_SYMBOLS_PRIVATE_EXTERN = NO;
				GCC_VERSION = com.apple.compilers.llvm.clang.1_0;
				GCC_WARN_ABOUT_RETURN_TYPE = YES;
				GCC_WARN_UNINITIALIZED_AUTOS = YES;
				GCC_WARN_UNUSED_VARIABLE = YES;
				IPHONEOS_DEPLOYMENT_TARGET = 5.1;
				SDKROOT = iphoneos;
			};
			name = Debug;
		};
		F2029F1415E5FDCD00A4E0FE /* Release */ = {
			isa = XCBuildConfiguration;
			buildSettings = {
				ALWAYS_SEARCH_USER_PATHS = NO;
				ARCHS = "$(ARCHS_STANDARD_32_BIT)";
				CLANG_CXX_LANGUAGE_STANDARD = "gnu++0x";
				CLANG_ENABLE_OBJC_ARC = YES;
				CLANG_WARN__DUPLICATE_METHOD_MATCH = YES;
				"CODE_SIGN_IDENTITY[sdk=iphoneos*]" = "iPhone Developer";
				COPY_PHASE_STRIP = YES;
				GCC_C_LANGUAGE_STANDARD = gnu99;
				GCC_VERSION = com.apple.compilers.llvm.clang.1_0;
				GCC_WARN_ABOUT_RETURN_TYPE = YES;
				GCC_WARN_UNINITIALIZED_AUTOS = YES;
				GCC_WARN_UNUSED_VARIABLE = YES;
				IPHONEOS_DEPLOYMENT_TARGET = 5.1;
				OTHER_CFLAGS = "-DNS_BLOCK_ASSERTIONS=1";
				SDKROOT = iphoneos;
				VALIDATE_PRODUCT = YES;
			};
			name = Release;
		};
		F2029F1615E5FDCD00A4E0FE /* Debug */ = {
			isa = XCBuildConfiguration;
			buildSettings = {
				GCC_PRECOMPILE_PREFIX_HEADER = YES;
				GCC_PREFIX_HEADER = "FortuneTweet/FortuneTweet-Prefix.pch";
				INFOPLIST_FILE = "FortuneTweet/FortuneTweet-Info.plist";
				IPHONEOS_DEPLOYMENT_TARGET = 5.1;
				PRODUCT_NAME = "$(TARGET_NAME)";
				WRAPPER_EXTENSION = app;
			};
			name = Debug;
		};
		F2029F1715E5FDCD00A4E0FE /* Release */ = {
			isa = XCBuildConfiguration;
			buildSettings = {
				GCC_PRECOMPILE_PREFIX_HEADER = YES;
				GCC_PREFIX_HEADER = "FortuneTweet/FortuneTweet-Prefix.pch";
				INFOPLIST_FILE = "FortuneTweet/FortuneTweet-Info.plist";
				IPHONEOS_DEPLOYMENT_TARGET = 5.1;
				PRODUCT_NAME = "$(TARGET_NAME)";
				WRAPPER_EXTENSION = app;
			};
			name = Release;
		};
		F2029F1915E5FDCD00A4E0FE /* Debug */ = {
			isa = XCBuildConfiguration;
			buildSettings = {
				BUNDLE_LOADER = "$(BUILT_PRODUCTS_DIR)/FortuneTweet.app/FortuneTweet";
				FRAMEWORK_SEARCH_PATHS = (
					"\"$(SDKROOT)/Developer/Library/Frameworks\"",
					"\"$(DEVELOPER_LIBRARY_DIR)/Frameworks\"",
				);
				GCC_PRECOMPILE_PREFIX_HEADER = YES;
				GCC_PREFIX_HEADER = "FortuneTweet/FortuneTweet-Prefix.pch";
				INFOPLIST_FILE = "FortuneTweetTests/FortuneTweetTests-Info.plist";
				PRODUCT_NAME = "$(TARGET_NAME)";
				TEST_HOST = "$(BUNDLE_LOADER)";
				WRAPPER_EXTENSION = octest;
			};
			name = Debug;
		};
		F2029F1A15E5FDCD00A4E0FE /* Release */ = {
			isa = XCBuildConfiguration;
			buildSettings = {
				BUNDLE_LOADER = "$(BUILT_PRODUCTS_DIR)/FortuneTweet.app/FortuneTweet";
				FRAMEWORK_SEARCH_PATHS = (
					"\"$(SDKROOT)/Developer/Library/Frameworks\"",
					"\"$(DEVELOPER_LIBRARY_DIR)/Frameworks\"",
				);
				GCC_PRECOMPILE_PREFIX_HEADER = YES;
				GCC_PREFIX_HEADER = "FortuneTweet/FortuneTweet-Prefix.pch";
				INFOPLIST_FILE = "FortuneTweetTests/FortuneTweetTests-Info.plist";
				PRODUCT_NAME = "$(TARGET_NAME)";
				TEST_HOST = "$(BUNDLE_LOADER)";
				WRAPPER_EXTENSION = octest;
			};
			name = Release;
		};
/* End XCBuildConfiguration section */

/* Begin XCConfigurationList section */
		F2029EDC15E5FDCD00A4E0FE /* Build configuration list for PBXProject "FortuneTweet" */ = {
			isa = XCConfigurationList;
			buildConfigurations = (
				F2029F1315E5FDCD00A4E0FE /* Debug */,
				F2029F1415E5FDCD00A4E0FE /* Release */,
			);
			defaultConfigurationIsVisible = 0;
			defaultConfigurationName = Release;
		};
		F2029F1515E5FDCD00A4E0FE /* Build configuration list for PBXNativeTarget "FortuneTweet" */ = {
			isa = XCConfigurationList;
			buildConfigurations = (
				F2029F1615E5FDCD00A4E0FE /* Debug */,
				F2029F1715E5FDCD00A4E0FE /* Release */,
			);
			defaultConfigurationIsVisible = 0;
			defaultConfigurationName = Release;
		};
		F2029F1815E5FDCD00A4E0FE /* Build configuration list for PBXNativeTarget "FortuneTweetTests" */ = {
			isa = XCConfigurationList;
			buildConfigurations = (
				F2029F1915E5FDCD00A4E0FE /* Debug */,
				F2029F1A15E5FDCD00A4E0FE /* Release */,
			);
			defaultConfigurationIsVisible = 0;
			defaultConfigurationName = Release;
		};
/* End XCConfigurationList section */

/* Begin XCVersionGroup section */
		F2029F5915E6015700A4E0FE /* FortuneTweetModel.xcdatamodeld */ = {
			isa = XCVersionGroup;
			children = (
				F2029F5A15E6015700A4E0FE /* FortuneTweetModel.xcdatamodel */,
			);
			currentVersion = F2029F5A15E6015700A4E0FE /* FortuneTweetModel.xcdatamodel */;
			path = FortuneTweetModel.xcdatamodeld;
			sourceTree = "<group>";
			versionGroupType = wrapper.xcdatamodel;
		};
/* End XCVersionGroup section */
	};
	rootObject = F2029ED915E5FDCD00A4E0FE /* Project object */;
}
